// !$*UTF8*$!
{
	archiveVersion = 1;
	classes = {
	};
	objectVersion = 46;
	objects = {

/* Begin PBXBuildFile section */
		84ABA68A19842C78007D39EF /* AppDelegate.swift in Sources */ = {isa = PBXBuildFile; fileRef = 84ABA68919842C78007D39EF /* AppDelegate.swift */; };
		84ABA68C19842C78007D39EF /* FirstViewController.swift in Sources */ = {isa = PBXBuildFile; fileRef = 84ABA68B19842C78007D39EF /* FirstViewController.swift */; };
		84ABA68E19842C78007D39EF /* SecondViewController.swift in Sources */ = {isa = PBXBuildFile; fileRef = 84ABA68D19842C78007D39EF /* SecondViewController.swift */; };
		84ABA69119842C78007D39EF /* Main.storyboard in Resources */ = {isa = PBXBuildFile; fileRef = 84ABA68F19842C78007D39EF /* Main.storyboard */; };
		84ABA69319842C78007D39EF /* Images.xcassets in Resources */ = {isa = PBXBuildFile; fileRef = 84ABA69219842C78007D39EF /* Images.xcassets */; };
		84ABA69F19842C78007D39EF /* LironTests.swift in Sources */ = {isa = PBXBuildFile; fileRef = 84ABA69E19842C78007D39EF /* LironTests.swift */; };
/* End PBXBuildFile section */

/* Begin PBXContainerItemProxy section */
		84ABA69919842C78007D39EF /* PBXContainerItemProxy */ = {
			isa = PBXContainerItemProxy;
			containerPortal = 84ABA67C19842C77007D39EF /* Project object */;
			proxyType = 1;
			remoteGlobalIDString = 84ABA68319842C78007D39EF;
			remoteInfo = Liron;
		};
/* End PBXContainerItemProxy section */

/* Begin PBXFileReference section */
		84ABA68419842C78007D39EF /* Liron.app */ = {isa = PBXFileReference; explicitFileType = wrapper.application; includeInIndex = 0; path = Liron.app; sourceTree = BUILT_PRODUCTS_DIR; };
		84ABA68819842C78007D39EF /* Info.plist */ = {isa = PBXFileReference; lastKnownFileType = text.plist.xml; path = Info.plist; sourceTree = "<group>"; };
		84ABA68919842C78007D39EF /* AppDelegate.swift */ = {isa = PBXFileReference; lastKnownFileType = sourcecode.swift; path = AppDelegate.swift; sourceTree = "<group>"; };
		84ABA68B19842C78007D39EF /* FirstViewController.swift */ = {isa = PBXFileReference; lastKnownFileType = sourcecode.swift; path = FirstViewController.swift; sourceTree = "<group>"; };
		84ABA68D19842C78007D39EF /* SecondViewController.swift */ = {isa = PBXFileReference; lastKnownFileType = sourcecode.swift; path = SecondViewController.swift; sourceTree = "<group>"; };
		84ABA69019842C78007D39EF /* Base */ = {isa = PBXFileReference; lastKnownFileType = file.storyboard; name = Base; path = Base.lproj/Main.storyboard; sourceTree = "<group>"; };
		84ABA69219842C78007D39EF /* Images.xcassets */ = {isa = PBXFileReference; lastKnownFileType = folder.assetcatalog; path = Images.xcassets; sourceTree = "<group>"; };
		84ABA69819842C78007D39EF /* LironTests.xctest */ = {isa = PBXFileReference; explicitFileType = wrapper.cfbundle; includeInIndex = 0; path = LironTests.xctest; sourceTree = BUILT_PRODUCTS_DIR; };
		84ABA69D19842C78007D39EF /* Info.plist */ = {isa = PBXFileReference; lastKnownFileType = text.plist.xml; path = Info.plist; sourceTree = "<group>"; };
		84ABA69E19842C78007D39EF /* LironTests.swift */ = {isa = PBXFileReference; lastKnownFileType = sourcecode.swift; path = LironTests.swift; sourceTree = "<group>"; };
/* End PBXFileReference section */

/* Begin PBXFrameworksBuildPhase section */
		84ABA68119842C78007D39EF /* Frameworks */ = {
			isa = PBXFrameworksBuildPhase;
			buildActionMask = 2147483647;
			files = (
			);
			runOnlyForDeploymentPostprocessing = 0;
		};
		84ABA69519842C78007D39EF /* Frameworks */ = {
			isa = PBXFrameworksBuildPhase;
			buildActionMask = 2147483647;
			files = (
			);
			runOnlyForDeploymentPostprocessing = 0;
		};
/* End PBXFrameworksBuildPhase section */

/* Begin PBXGroup section */
		84ABA67B19842C77007D39EF = {
			isa = PBXGroup;
			children = (
				84ABA68619842C78007D39EF /* Liron */,
				84ABA69B19842C78007D39EF /* LironTests */,
				84ABA68519842C78007D39EF /* Products */,
			);
			sourceTree = "<group>";
		};
		84ABA68519842C78007D39EF /* Products */ = {
			isa = PBXGroup;
			children = (
				84ABA68419842C78007D39EF /* Liron.app */,
				84ABA69819842C78007D39EF /* LironTests.xctest */,
			);
			name = Products;
			sourceTree = "<group>";
		};
		84ABA68619842C78007D39EF /* Liron */ = {
			isa = PBXGroup;
			children = (
				84ABA68919842C78007D39EF /* AppDelegate.swift */,
				84ABA68B19842C78007D39EF /* FirstViewController.swift */,
				84ABA68D19842C78007D39EF /* SecondViewController.swift */,
				84ABA68F19842C78007D39EF /* Main.storyboard */,
				84ABA69219842C78007D39EF /* Images.xcassets */,
				84ABA68719842C78007D39EF /* Supporting Files */,
			);
			path = Liron;
			sourceTree = "<group>";
		};
		84ABA68719842C78007D39EF /* Supporting Files */ = {
			isa = PBXGroup;
			children = (
				84ABA68819842C78007D39EF /* Info.plist */,
			);
			name = "Supporting Files";
			sourceTree = "<group>";
		};
		84ABA69B19842C78007D39EF /* LironTests */ = {
			isa = PBXGroup;
			children = (
				84ABA69E19842C78007D39EF /* LironTests.swift */,
				84ABA69C19842C78007D39EF /* Supporting Files */,
			);
			path = LironTests;
			sourceTree = "<group>";
		};
		84ABA69C19842C78007D39EF /* Supporting Files */ = {
			isa = PBXGroup;
			children = (
				84ABA69D19842C78007D39EF /* Info.plist */,
			);
			name = "Supporting Files";
			sourceTree = "<group>";
		};
/* End PBXGroup section */

/* Begin PBXNativeTarget section */
		84ABA68319842C78007D39EF /* Liron */ = {
			isa = PBXNativeTarget;
			buildConfigurationList = 84ABA6A219842C78007D39EF /* Build configuration list for PBXNativeTarget "Liron" */;
			buildPhases = (
				84ABA68019842C78007D39EF /* Sources */,
				84ABA68119842C78007D39EF /* Frameworks */,
				84ABA68219842C78007D39EF /* Resources */,
			);
			buildRules = (
			);
			dependencies = (
			);
			name = Liron;
			productName = Liron;
			productReference = 84ABA68419842C78007D39EF /* Liron.app */;
			productType = "com.apple.product-type.application";
		};
		84ABA69719842C78007D39EF /* LironTests */ = {
			isa = PBXNativeTarget;
			buildConfigurationList = 84ABA6A519842C78007D39EF /* Build configuration list for PBXNativeTarget "LironTests" */;
			buildPhases = (
				84ABA69419842C78007D39EF /* Sources */,
				84ABA69519842C78007D39EF /* Frameworks */,
				84ABA69619842C78007D39EF /* Resources */,
			);
			buildRules = (
			);
			dependencies = (
				84ABA69A19842C78007D39EF /* PBXTargetDependency */,
			);
			name = LironTests;
			productName = LironTests;
			productReference = 84ABA69819842C78007D39EF /* LironTests.xctest */;
			productType = "com.apple.product-type.bundle.unit-test";
		};
/* End PBXNativeTarget section */

/* Begin PBXProject section */
		84ABA67C19842C77007D39EF /* Project object */ = {
			isa = PBXProject;
			attributes = {
				LastUpgradeCheck = 0600;
				ORGANIZATIONNAME = "Alexandre Marcondes";
				TargetAttributes = {
					84ABA68319842C78007D39EF = {
						CreatedOnToolsVersion = 6.0;
					};
					84ABA69719842C78007D39EF = {
						CreatedOnToolsVersion = 6.0;
						TestTargetID = 84ABA68319842C78007D39EF;
					};
				};
			};
			buildConfigurationList = 84ABA67F19842C78007D39EF /* Build configuration list for PBXProject "Liron" */;
			compatibilityVersion = "Xcode 3.2";
			developmentRegion = English;
			hasScannedForEncodings = 0;
			knownRegions = (
				en,
				Base,
			);
			mainGroup = 84ABA67B19842C77007D39EF;
			productRefGroup = 84ABA68519842C78007D39EF /* Products */;
			projectDirPath = "";
			projectRoot = "";
			targets = (
				84ABA68319842C78007D39EF /* Liron */,
				84ABA69719842C78007D39EF /* LironTests */,
			);
		};
/* End PBXProject section */

/* Begin PBXResourcesBuildPhase section */
		84ABA68219842C78007D39EF /* Resources */ = {
			isa = PBXResourcesBuildPhase;
			buildActionMask = 2147483647;
			files = (
				84ABA69119842C78007D39EF /* Main.storyboard in Resources */,
				84ABA69319842C78007D39EF /* Images.xcassets in Resources */,
			);
			runOnlyForDeploymentPostprocessing = 0;
		};
		84ABA69619842C78007D39EF /* Resources */ = {
			isa = PBXResourcesBuildPhase;
			buildActionMask = 2147483647;
			files = (
			);
			runOnlyForDeploymentPostprocessing = 0;
		};
/* End PBXResourcesBuildPhase section */

/* Begin PBXSourcesBuildPhase section */
		84ABA68019842C78007D39EF /* Sources */ = {
			isa = PBXSourcesBuildPhase;
			buildActionMask = 2147483647;
			files = (
				84ABA68E19842C78007D39EF /* SecondViewController.swift in Sources */,
				84ABA68A19842C78007D39EF /* AppDelegate.swift in Sources */,
				84ABA68C19842C78007D39EF /* FirstViewController.swift in Sources */,
			);
			runOnlyForDeploymentPostprocessing = 0;
		};
		84ABA69419842C78007D39EF /* Sources */ = {
			isa = PBXSourcesBuildPhase;
			buildActionMask = 2147483647;
			files = (
				84ABA69F19842C78007D39EF /* LironTests.swift in Sources */,
			);
			runOnlyForDeploymentPostprocessing = 0;
		};
/* End PBXSourcesBuildPhase section */

/* Begin PBXTargetDependency section */
		84ABA69A19842C78007D39EF /* PBXTargetDependency */ = {
			isa = PBXTargetDependency;
			target = 84ABA68319842C78007D39EF /* Liron */;
			targetProxy = 84ABA69919842C78007D39EF /* PBXContainerItemProxy */;
		};
/* End PBXTargetDependency section */

/* Begin PBXVariantGroup section */
		84ABA68F19842C78007D39EF /* Main.storyboard */ = {
			isa = PBXVariantGroup;
			children = (
				84ABA69019842C78007D39EF /* Base */,
			);
			name = Main.storyboard;
			sourceTree = "<group>";
		};
/* End PBXVariantGroup section */

/* Begin XCBuildConfiguration section */
		84ABA6A019842C78007D39EF /* Debug */ = {
			isa = XCBuildConfiguration;
			buildSettings = {
				ALWAYS_SEARCH_USER_PATHS = NO;
				CLANG_CXX_LANGUAGE_STANDARD = "gnu++0x";
				CLANG_CXX_LIBRARY = "libc++";
				CLANG_ENABLE_MODULES = YES;
				CLANG_ENABLE_OBJC_ARC = YES;
				CLANG_WARN_BOOL_CONVERSION = YES;
				CLANG_WARN_CONSTANT_CONVERSION = YES;
				CLANG_WARN_DIRECT_OBJC_ISA_USAGE = YES_ERROR;
				CLANG_WARN_EMPTY_BODY = YES;
				CLANG_WARN_ENUM_CONVERSION = YES;
				CLANG_WARN_INT_CONVERSION = YES;
				CLANG_WARN_OBJC_ROOT_CLASS = YES_ERROR;
				CLANG_WARN_UNREACHABLE_CODE = YES;
				CLANG_WARN__DUPLICATE_METHOD_MATCH = YES;
				"CODE_SIGN_IDENTITY[sdk=iphoneos*]" = "iPhone Developer";
				COPY_PHASE_STRIP = NO;
				ENABLE_STRICT_OBJC_MSGSEND = YES;
				GCC_C_LANGUAGE_STANDARD = gnu99;
				GCC_DYNAMIC_NO_PIC = NO;
				GCC_OPTIMIZATION_LEVEL = 0;
				GCC_PREPROCESSOR_DEFINITIONS = (
					"DEBUG=1",
					"$(inherited)",
				);
				GCC_SYMBOLS_PRIVATE_EXTERN = NO;
				GCC_WARN_64_TO_32_BIT_CONVERSION = YES;
				GCC_WARN_ABOUT_RETURN_TYPE = YES_ERROR;
				GCC_WARN_UNDECLARED_SELECTOR = YES;
				GCC_WARN_UNINITIALIZED_AUTOS = YES_AGGRESSIVE;
				GCC_WARN_UNUSED_FUNCTION = YES;
				GCC_WARN_UNUSED_VARIABLE = YES;
				IPHONEOS_DEPLOYMENT_TARGET = 8.0;
				MTL_ENABLE_DEBUG_INFO = YES;
				ONLY_ACTIVE_ARCH = YES;
				SDKROOT = iphoneos;
				SWIFT_OPTIMIZATION_LEVEL = "-Onone";
				TARGETED_DEVICE_FAMILY = "1,2";
			};
			name = Debug;
		};
		84ABA6A119842C78007D39EF /* Release */ = {
			isa = XCBuildConfiguration;
			buildSettings = {
				ALWAYS_SEARCH_USER_PATHS = NO;
				CLANG_CXX_LANGUAGE_STANDARD = "gnu++0x";
				CLANG_CXX_LIBRARY = "libc++";
				CLANG_ENABLE_MODULES = YES;
				CLANG_ENABLE_OBJC_ARC = YES;
				CLANG_WARN_BOOL_CONVERSION = YES;
				CLANG_WARN_CONSTANT_CONVERSION = YES;
				CLANG_WARN_DIRECT_OBJC_ISA_USAGE = YES_ERROR;
				CLANG_WARN_EMPTY_BODY = YES;
				CLANG_WARN_ENUM_CONVERSION = YES;
				CLANG_WARN_INT_CONVERSION = YES;
				CLANG_WARN_OBJC_ROOT_CLASS = YES_ERROR;
				CLANG_WARN_UNREACHABLE_CODE = YES;
				CLANG_WARN__DUPLICATE_METHOD_MATCH = YES;
				"CODE_SIGN_IDENTITY[sdk=iphoneos*]" = "iPhone Developer";
				COPY_PHASE_STRIP = YES;
				ENABLE_NS_ASSERTIONS = NO;
				ENABLE_STRICT_OBJC_MSGSEND = YES;
				GCC_C_LANGUAGE_STANDARD = gnu99;
				GCC_WARN_64_TO_32_BIT_CONVERSION = YES;
				GCC_WARN_ABOUT_RETURN_TYPE = YES_ERROR;
				GCC_WARN_UNDECLARED_SELECTOR = YES;
				GCC_WARN_UNINITIALIZED_AUTOS = YES_AGGRESSIVE;
				GCC_WARN_UNUSED_FUNCTION = YES;
				GCC_WARN_UNUSED_VARIABLE = YES;
				IPHONEOS_DEPLOYMENT_TARGET = 8.0;
				MTL_ENABLE_DEBUG_INFO = NO;
				SDKROOT = iphoneos;
				TARGETED_DEVICE_FAMILY = "1,2";
				VALIDATE_PRODUCT = YES;
			};
			name = Release;
		};
		84ABA6A319842C78007D39EF /* Debug */ = {
			isa = XCBuildConfiguration;
			buildSettings = {
				ASSETCATALOG_COMPILER_APPICON_NAME = AppIcon;
				ASSETCATALOG_COMPILER_LAUNCHIMAGE_NAME = LaunchImage;
				INFOPLIST_FILE = Liron/Info.plist;
				LD_RUNPATH_SEARCH_PATHS = "$(inherited) @executable_path/Frameworks";
				PRODUCT_NAME = "$(TARGET_NAME)";
			};
			name = Debug;
		};
		84ABA6A419842C78007D39EF /* Release */ = {
			isa = XCBuildConfiguration;
			buildSettings = {
				ASSETCATALOG_COMPILER_APPICON_NAME = AppIcon;
				ASSETCATALOG_COMPILER_LAUNCHIMAGE_NAME = LaunchImage;
				INFOPLIST_FILE = Liron/Info.plist;
				LD_RUNPATH_SEARCH_PATHS = "$(inherited) @executable_path/Frameworks";
				PRODUCT_NAME = "$(TARGET_NAME)";
			};
			name = Release;
		};
		84ABA6A619842C78007D39EF /* Debug */ = {
			isa = XCBuildConfiguration;
			buildSettings = {
				BUNDLE_LOADER = "$(BUILT_PRODUCTS_DIR)/Liron.app/Liron";
				FRAMEWORK_SEARCH_PATHS = (
					"$(SDKROOT)/Developer/Library/Frameworks",
					"$(inherited)",
				);
				GCC_PREPROCESSOR_DEFINITIONS = (
					"DEBUG=1",
					"$(inherited)",
				);
				INFOPLIST_FILE = LironTests/Info.plist;
				LD_RUNPATH_SEARCH_PATHS = "$(inherited) @executable_path/Frameworks @loader_path/Frameworks";
				PRODUCT_NAME = "$(TARGET_NAME)";
				TEST_HOST = "$(BUNDLE_LOADER)";
			};
			name = Debug;
		};
		84ABA6A719842C78007D39EF /* Release */ = {
			isa = XCBuildConfiguration;
			buildSettings = {
				BUNDLE_LOADER = "$(BUILT_PRODUCTS_DIR)/Liron.app/Liron";
				FRAMEWORK_SEARCH_PATHS = (
					"$(SDKROOT)/Developer/Library/Frameworks",
					"$(inherited)",
				);
				INFOPLIST_FILE = LironTests/Info.plist;
				LD_RUNPATH_SEARCH_PATHS = "$(inherited) @executable_path/Frameworks @loader_path/Frameworks";
				PRODUCT_NAME = "$(TARGET_NAME)";
				TEST_HOST = "$(BUNDLE_LOADER)";
			};
			name = Release;
		};
/* End XCBuildConfiguration section */

/* Begin XCConfigurationList section */
		84ABA67F19842C78007D39EF /* Build configuration list for PBXProject "Liron" */ = {
			isa = XCConfigurationList;
			buildConfigurations = (
				84ABA6A019842C78007D39EF /* Debug */,
				84ABA6A119842C78007D39EF /* Release */,
			);
			defaultConfigurationIsVisible = 0;
			defaultConfigurationName = Release;
		};
		84ABA6A219842C78007D39EF /* Build configuration list for PBXNativeTarget "Liron" */ = {
			isa = XCConfigurationList;
			buildConfigurations = (
				84ABA6A319842C78007D39EF /* Debug */,
				84ABA6A419842C78007D39EF /* Release */,
			);
			defaultConfigurationIsVisible = 0;
		};
		84ABA6A519842C78007D39EF /* Build configuration list for PBXNativeTarget "LironTests" */ = {
			isa = XCConfigurationList;
			buildConfigurations = (
				84ABA6A619842C78007D39EF /* Debug */,
				84ABA6A719842C78007D39EF /* Release */,
			);
			defaultConfigurationIsVisible = 0;
		};
/* End XCConfigurationList section */
	};
	rootObject = 84ABA67C19842C77007D39EF /* Project object */;
}
